
Microsoft Visual Studio Solution File, Format Version 12.00
# Visual Studio Version 16
VisualStudioVersion = 16.0.29911.84
MinimumVisualStudioVersion = 10.0.40219.1
Project("{9A19103F-16F7-4668-BE54-9A1E7A4F7556}") = "api_client_generator", "api_client_generator\api_client_generator\api_client_generator.csproj", "{BAC67709-0E33-4B71-8E99-A8E1BCEC553F}"
EndProject
Global
	GlobalSection(SolutionConfigurationPlatforms) = preSolution
		Debug|Any CPU = Debug|Any CPU
		Release|Any CPU = Release|Any CPU
	EndGlobalSection
	GlobalSection(ProjectConfigurationPlatforms) = postSolution
		{BAC67709-0E33-4B71-8E99-A8E1BCEC553F}.Debug|Any CPU.ActiveCfg = Debug|Any CPU
		{BAC67709-0E33-4B71-8E99-A8E1BCEC553F}.Debug|Any CPU.Build.0 = Debug|Any CPU
		{BAC67709-0E33-4B71-8E99-A8E1BCEC553F}.Release|Any CPU.ActiveCfg = Release|Any CPU
		{BAC67709-0E33-4B71-8E99-A8E1BCEC553F}.Release|Any CPU.Build.0 = Release|Any CPU
	EndGlobalSection
	GlobalSection(SolutionProperties) = preSolution
		HideSolutionNode = FALSE
	EndGlobalSection
	GlobalSection(ExtensibilityGlobals) = postSolution
		SolutionGuid = {0C93E94E-B613-45C4-9DE8-586A7B3932A3}
	EndGlobalSection
EndGlobal
